
Microsoft Visual Studio Solution File, Format Version 12.00
# Visual Studio Version 17
VisualStudioVersion = 17.4.33213.308
MinimumVisualStudioVersion = 10.0.40219.1
Project("{FAE04EC0-301F-11D3-BF4B-00C04F79EFBC}") = "exercise", "exercise.csproj", "{A929E43E-6798-4B57-899F-ADB37FC6F4B9}"
EndProject
Global
	GlobalSection(SolutionConfigurationPlatforms) = preSolution
		Debug|Any CPU = Debug|Any CPU
		Release|Any CPU = Release|Any CPU
	EndGlobalSection
	GlobalSection(ProjectConfigurationPlatforms) = postSolution
		{A929E43E-6798-4B57-899F-ADB37FC6F4B9}.Debug|Any CPU.ActiveCfg = Debug|Any CPU
		{A929E43E-6798-4B57-899F-ADB37FC6F4B9}.Debug|Any CPU.Build.0 = Debug|Any CPU
		{A929E43E-6798-4B57-899F-ADB37FC6F4B9}.Release|Any CPU.ActiveCfg = Release|Any CPU
		{A929E43E-6798-4B57-899F-ADB37FC6F4B9}.Release|Any CPU.Build.0 = Release|Any CPU
	EndGlobalSection
	GlobalSection(SolutionProperties) = preSolution
		HideSolutionNode = FALSE
	EndGlobalSection
	GlobalSection(ExtensibilityGlobals) = postSolution
		SolutionGuid = {EDCB9FD9-EA42-41B5-A9BC-6A45590B3916}
	EndGlobalSection
EndGlobal
